// !$*UTF8*$!
{
	archiveVersion = 1;
	classes = {
	};
	objectVersion = 46;
	objects = {

/* Begin PBXBuildFile section */
		422353671561802D0067915E /* QuartzCore.framework in Frameworks */ = {isa = PBXBuildFile; fileRef = 422353661561802D0067915E /* QuartzCore.framework */; };
		422353691561802D0067915E /* OpenGL.framework in Frameworks */ = {isa = PBXBuildFile; fileRef = 422353681561802D0067915E /* OpenGL.framework */; };
		4223536B1561802D0067915E /* OpenAL.framework in Frameworks */ = {isa = PBXBuildFile; fileRef = 4223536A1561802D0067915E /* OpenAL.framework */; };
		4223536D1561802D0067915E /* AudioToolbox.framework in Frameworks */ = {isa = PBXBuildFile; fileRef = 4223536C1561802D0067915E /* AudioToolbox.framework */; };
		4223536F1561802D0067915E /* AppKit.framework in Frameworks */ = {isa = PBXBuildFile; fileRef = 4223536E1561802D0067915E /* AppKit.framework */; };
		422353711561802D0067915E /* Foundation.framework in Frameworks */ = {isa = PBXBuildFile; fileRef = 422353701561802D0067915E /* Foundation.framework */; };
		422353771561802D0067915E /* InfoPlist.strings in Resources */ = {isa = PBXBuildFile; fileRef = 422353751561802D0067915E /* InfoPlist.strings */; };
		4223537A1561802D0067915E /* MainMenu.xib in Resources */ = {isa = PBXBuildFile; fileRef = 422353781561802D0067915E /* MainMenu.xib */; };
		4223537C1561802D0067915E /* fps_images.png in Resources */ = {isa = PBXBuildFile; fileRef = 4223537B1561802D0067915E /* fps_images.png */; };
		4223537E1561802D0067915E /* icon.icns in Resources */ = {isa = PBXBuildFile; fileRef = 4223537D1561802D0067915E /* icon.icns */; };
		422353841561802D0067915E /* CCAction.m in Sources */ = {isa = PBXBuildFile; fileRef = 422353831561802D0067915E /* CCAction.m */; };
		422353871561802D0067915E /* CCActionCamera.m in Sources */ = {isa = PBXBuildFile; fileRef = 422353861561802D0067915E /* CCActionCamera.m */; };
		4223538A1561802D0067915E /* CCActionEase.m in Sources */ = {isa = PBXBuildFile; fileRef = 422353891561802D0067915E /* CCActionEase.m */; };
		4223538D1561802D0067915E /* CCActionGrid.m in Sources */ = {isa = PBXBuildFile; fileRef = 4223538C1561802D0067915E /* CCActionGrid.m */; };
		422353901561802D0067915E /* CCActionGrid3D.m in Sources */ = {isa = PBXBuildFile; fileRef = 4223538F1561802D0067915E /* CCActionGrid3D.m */; };
		422353931561802D0067915E /* CCActionInstant.m in Sources */ = {isa = PBXBuildFile; fileRef = 422353921561802D0067915E /* CCActionInstant.m */; };
		422353961561802D0067915E /* CCActionInterval.m in Sources */ = {isa = PBXBuildFile; fileRef = 422353951561802D0067915E /* CCActionInterval.m */; };
		422353991561802D0067915E /* CCActionManager.m in Sources */ = {isa = PBXBuildFile; fileRef = 422353981561802D0067915E /* CCActionManager.m */; };
		4223539C1561802D0067915E /* CCActionPageTurn3D.m in Sources */ = {isa = PBXBuildFile; fileRef = 4223539B1561802D0067915E /* CCActionPageTurn3D.m */; };
		4223539F1561802D0067915E /* CCActionProgressTimer.m in Sources */ = {isa = PBXBuildFile; fileRef = 4223539E1561802D0067915E /* CCActionProgressTimer.m */; };
		422353A21561802D0067915E /* CCActionTiledGrid.m in Sources */ = {isa = PBXBuildFile; fileRef = 422353A11561802D0067915E /* CCActionTiledGrid.m */; };
		422353A51561802D0067915E /* CCActionTween.m in Sources */ = {isa = PBXBuildFile; fileRef = 422353A41561802D0067915E /* CCActionTween.m */; };
		422353A81561802D0067915E /* CCAnimation.m in Sources */ = {isa = PBXBuildFile; fileRef = 422353A71561802D0067915E /* CCAnimation.m */; };
		422353AB1561802D0067915E /* CCAnimationCache.m in Sources */ = {isa = PBXBuildFile; fileRef = 422353AA1561802D0067915E /* CCAnimationCache.m */; };
		422353AE1561802D0067915E /* CCAtlasNode.m in Sources */ = {isa = PBXBuildFile; fileRef = 422353AD1561802D0067915E /* CCAtlasNode.m */; };
		422353B11561802D0067915E /* CCBlockSupport.m in Sources */ = {isa = PBXBuildFile; fileRef = 422353B01561802D0067915E /* CCBlockSupport.m */; };
		422353B41561802D0067915E /* CCCamera.m in Sources */ = {isa = PBXBuildFile; fileRef = 422353B31561802D0067915E /* CCCamera.m */; };
		422353B81561802D0067915E /* CCConfiguration.m in Sources */ = {isa = PBXBuildFile; fileRef = 422353B71561802D0067915E /* CCConfiguration.m */; };
		422353BB1561802D0067915E /* CCDirector.m in Sources */ = {isa = PBXBuildFile; fileRef = 422353BA1561802D0067915E /* CCDirector.m */; };
		422353BE1561802D0067915E /* CCDrawingPrimitives.m in Sources */ = {isa = PBXBuildFile; fileRef = 422353BD1561802D0067915E /* CCDrawingPrimitives.m */; };
		422353C11561802D0067915E /* CCGrabber.m in Sources */ = {isa = PBXBuildFile; fileRef = 422353C01561802D0067915E /* CCGrabber.m */; };
		422353C41561802D0067915E /* CCGrid.m in Sources */ = {isa = PBXBuildFile; fileRef = 422353C31561802D0067915E /* CCGrid.m */; };
		422353C71561802D0067915E /* CCLabelAtlas.m in Sources */ = {isa = PBXBuildFile; fileRef = 422353C61561802D0067915E /* CCLabelAtlas.m */; };
		422353CA1561802D0067915E /* CCLabelBMFont.m in Sources */ = {isa = PBXBuildFile; fileRef = 422353C91561802D0067915E /* CCLabelBMFont.m */; };
		422353CD1561802D0067915E /* CCLabelTTF.m in Sources */ = {isa = PBXBuildFile; fileRef = 422353CC1561802D0067915E /* CCLabelTTF.m */; };
		422353D01561802D0067915E /* CCLayer.m in Sources */ = {isa = PBXBuildFile; fileRef = 422353CF1561802D0067915E /* CCLayer.m */; };
		422353D41561802D0067915E /* CCMenu.m in Sources */ = {isa = PBXBuildFile; fileRef = 422353D31561802D0067915E /* CCMenu.m */; };
		422353D71561802D0067915E /* CCMenuItem.m in Sources */ = {isa = PBXBuildFile; fileRef = 422353D61561802D0067915E /* CCMenuItem.m */; };
		422353DA1561802D0067915E /* CCMotionStreak.m in Sources */ = {isa = PBXBuildFile; fileRef = 422353D91561802D0067915E /* CCMotionStreak.m */; };
		422353DD1561802D0067915E /* CCNode.m in Sources */ = {isa = PBXBuildFile; fileRef = 422353DC1561802D0067915E /* CCNode.m */; };
		422353E01561802D0067915E /* CCParallaxNode.m in Sources */ = {isa = PBXBuildFile; fileRef = 422353DF1561802D0067915E /* CCParallaxNode.m */; };
		422353E31561802D0067915E /* CCParticleExamples.m in Sources */ = {isa = PBXBuildFile; fileRef = 422353E21561802D0067915E /* CCParticleExamples.m */; };
		422353E61561802D0067915E /* CCParticleSystem.m in Sources */ = {isa = PBXBuildFile; fileRef = 422353E51561802D0067915E /* CCParticleSystem.m */; };
		422353E91561802D0067915E /* CCParticleSystemPoint.m in Sources */ = {isa = PBXBuildFile; fileRef = 422353E81561802D0067915E /* CCParticleSystemPoint.m */; };
		422353EC1561802E0067915E /* CCParticleSystemQuad.m in Sources */ = {isa = PBXBuildFile; fileRef = 422353EB1561802E0067915E /* CCParticleSystemQuad.m */; };
		422353EF1561802E0067915E /* CCProgressTimer.m in Sources */ = {isa = PBXBuildFile; fileRef = 422353EE1561802E0067915E /* CCProgressTimer.m */; };
		422353F31561802E0067915E /* CCRenderTexture.m in Sources */ = {isa = PBXBuildFile; fileRef = 422353F21561802E0067915E /* CCRenderTexture.m */; };
		422353F61561802E0067915E /* CCRibbon.m in Sources */ = {isa = PBXBuildFile; fileRef = 422353F51561802E0067915E /* CCRibbon.m */; };
		422353F91561802E0067915E /* CCScene.m in Sources */ = {isa = PBXBuildFile; fileRef = 422353F81561802E0067915E /* CCScene.m */; };
		422353FC1561802E0067915E /* CCScheduler.m in Sources */ = {isa = PBXBuildFile; fileRef = 422353FB1561802E0067915E /* CCScheduler.m */; };
		422353FF1561802E0067915E /* CCSprite.m in Sources */ = {isa = PBXBuildFile; fileRef = 422353FE1561802E0067915E /* CCSprite.m */; };
		422354021561802E0067915E /* CCSpriteBatchNode.m in Sources */ = {isa = PBXBuildFile; fileRef = 422354011561802E0067915E /* CCSpriteBatchNode.m */; };
		422354051561802E0067915E /* CCSpriteFrame.m in Sources */ = {isa = PBXBuildFile; fileRef = 422354041561802E0067915E /* CCSpriteFrame.m */; };
		422354081561802E0067915E /* CCSpriteFrameCache.m in Sources */ = {isa = PBXBuildFile; fileRef = 422354071561802E0067915E /* CCSpriteFrameCache.m */; };
		4223540B1561802E0067915E /* CCTexture2D.m in Sources */ = {isa = PBXBuildFile; fileRef = 4223540A1561802E0067915E /* CCTexture2D.m */; };
		4223540E1561802E0067915E /* CCTextureAtlas.m in Sources */ = {isa = PBXBuildFile; fileRef = 4223540D1561802E0067915E /* CCTextureAtlas.m */; };
		422354111561802E0067915E /* CCTextureCache.m in Sources */ = {isa = PBXBuildFile; fileRef = 422354101561802E0067915E /* CCTextureCache.m */; };
		422354141561802E0067915E /* CCTexturePVR.m in Sources */ = {isa = PBXBuildFile; fileRef = 422354131561802E0067915E /* CCTexturePVR.m */; };
		422354171561802E0067915E /* CCTileMapAtlas.m in Sources */ = {isa = PBXBuildFile; fileRef = 422354161561802E0067915E /* CCTileMapAtlas.m */; };
		4223541A1561802E0067915E /* CCTMXLayer.m in Sources */ = {isa = PBXBuildFile; fileRef = 422354191561802E0067915E /* CCTMXLayer.m */; };
		4223541D1561802E0067915E /* CCTMXObjectGroup.m in Sources */ = {isa = PBXBuildFile; fileRef = 4223541C1561802E0067915E /* CCTMXObjectGroup.m */; };
		422354201561802E0067915E /* CCTMXTiledMap.m in Sources */ = {isa = PBXBuildFile; fileRef = 4223541F1561802E0067915E /* CCTMXTiledMap.m */; };
		422354231561802E0067915E /* CCTMXXMLParser.m in Sources */ = {isa = PBXBuildFile; fileRef = 422354221561802E0067915E /* CCTMXXMLParser.m */; };
		422354261561802E0067915E /* CCTransition.m in Sources */ = {isa = PBXBuildFile; fileRef = 422354251561802E0067915E /* CCTransition.m */; };
		422354291561802E0067915E /* CCTransitionPageTurn.m in Sources */ = {isa = PBXBuildFile; fileRef = 422354281561802E0067915E /* CCTransitionPageTurn.m */; };
		4223542C1561802E0067915E /* CCTransitionRadial.m in Sources */ = {isa = PBXBuildFile; fileRef = 4223542B1561802E0067915E /* CCTransitionRadial.m */; };
		422354301561802E0067915E /* cocos2d.m in Sources */ = {isa = PBXBuildFile; fileRef = 4223542F1561802E0067915E /* cocos2d.m */; };
		422354371561802E0067915E /* CCDirectorIOS.m in Sources */ = {isa = PBXBuildFile; fileRef = 422354361561802E0067915E /* CCDirectorIOS.m */; };
		4223543B1561802E0067915E /* CCTouchDispatcher.m in Sources */ = {isa = PBXBuildFile; fileRef = 4223543A1561802E0067915E /* CCTouchDispatcher.m */; };
		4223543E1561802E0067915E /* CCTouchHandler.m in Sources */ = {isa = PBXBuildFile; fileRef = 4223543D1561802E0067915E /* CCTouchHandler.m */; };
		422354411561802E0067915E /* EAGLView.m in Sources */ = {isa = PBXBuildFile; fileRef = 422354401561802E0067915E /* EAGLView.m */; };
		422354441561802E0067915E /* ES1Renderer.m in Sources */ = {isa = PBXBuildFile; fileRef = 422354431561802E0067915E /* ES1Renderer.m */; };
		422354471561802E0067915E /* glu.c in Sources */ = {isa = PBXBuildFile; fileRef = 422354461561802E0067915E /* glu.c */; };
		4223544C1561802E0067915E /* CCDirectorMac.m in Sources */ = {isa = PBXBuildFile; fileRef = 4223544B1561802E0067915E /* CCDirectorMac.m */; };
		4223544F1561802E0067915E /* CCEventDispatcher.m in Sources */ = {isa = PBXBuildFile; fileRef = 4223544E1561802E0067915E /* CCEventDispatcher.m */; };
		422354521561802E0067915E /* MacGLView.m in Sources */ = {isa = PBXBuildFile; fileRef = 422354511561802E0067915E /* MacGLView.m */; };
		422354551561802E0067915E /* MacWindow.m in Sources */ = {isa = PBXBuildFile; fileRef = 422354541561802E0067915E /* MacWindow.m */; };
		422354581561802E0067915E /* base64.c in Sources */ = {isa = PBXBuildFile; fileRef = 422354571561802E0067915E /* base64.c */; };
		4223545C1561802E0067915E /* CCArray.m in Sources */ = {isa = PBXBuildFile; fileRef = 4223545B1561802E0067915E /* CCArray.m */; };
		422354601561802E0067915E /* CCFileUtils.m in Sources */ = {isa = PBXBuildFile; fileRef = 4223545F1561802E0067915E /* CCFileUtils.m */; };
		422354631561802E0067915E /* CCProfiling.m in Sources */ = {isa = PBXBuildFile; fileRef = 422354621561802E0067915E /* CCProfiling.m */; };
		422354651561802E0067915E /* ccUtils.c in Sources */ = {isa = PBXBuildFile; fileRef = 422354641561802E0067915E /* ccUtils.c */; };
		422354691561802E0067915E /* CGPointExtension.m in Sources */ = {isa = PBXBuildFile; fileRef = 422354681561802E0067915E /* CGPointExtension.m */; };
		4223546D1561802E0067915E /* TGAlib.m in Sources */ = {isa = PBXBuildFile; fileRef = 4223546C1561802E0067915E /* TGAlib.m */; };
		422354701561802E0067915E /* TransformUtils.m in Sources */ = {isa = PBXBuildFile; fileRef = 4223546F1561802E0067915E /* TransformUtils.m */; };
		422354751561802E0067915E /* ZipUtils.m in Sources */ = {isa = PBXBuildFile; fileRef = 422354741561802E0067915E /* ZipUtils.m */; };
		4223547A1561802E0067915E /* CDAudioManager.m in Sources */ = {isa = PBXBuildFile; fileRef = 422354791561802E0067915E /* CDAudioManager.m */; };
		4223547E1561802E0067915E /* CDOpenALSupport.m in Sources */ = {isa = PBXBuildFile; fileRef = 4223547D1561802E0067915E /* CDOpenALSupport.m */; };
		422354811561802F0067915E /* CocosDenshion.m in Sources */ = {isa = PBXBuildFile; fileRef = 422354801561802F0067915E /* CocosDenshion.m */; };
		422354841561802F0067915E /* SimpleAudioEngine.m in Sources */ = {isa = PBXBuildFile; fileRef = 422354831561802F0067915E /* SimpleAudioEngine.m */; };
		422354891561802F0067915E /* CDXMacOSXSupport.m in Sources */ = {isa = PBXBuildFile; fileRef = 422354881561802F0067915E /* CDXMacOSXSupport.m */; };
		4223548C1561802F0067915E /* CDXPropertyModifierAction.m in Sources */ = {isa = PBXBuildFile; fileRef = 4223548B1561802F0067915E /* CDXPropertyModifierAction.m */; };
		422354901561802F0067915E /* main.m in Sources */ = {isa = PBXBuildFile; fileRef = 4223548F1561802F0067915E /* main.m */; };
		422354931561802F0067915E /* AppDelegate.m in Sources */ = {isa = PBXBuildFile; fileRef = 422354921561802F0067915E /* AppDelegate.m */; };
		422354961561802F0067915E /* HelloWorldLayer.m in Sources */ = {isa = PBXBuildFile; fileRef = 422354951561802F0067915E /* HelloWorldLayer.m */; };
/* End PBXBuildFile section */

/* Begin PBXFileReference section */
		422353621561802D0067915E /* Solitaire.app */ = {isa = PBXFileReference; explicitFileType = wrapper.application; includeInIndex = 0; path = Solitaire.app; sourceTree = BUILT_PRODUCTS_DIR; };
		422353661561802D0067915E /* QuartzCore.framework */ = {isa = PBXFileReference; lastKnownFileType = wrapper.framework; name = QuartzCore.framework; path = System/Library/Frameworks/QuartzCore.framework; sourceTree = SDKROOT; };
		422353681561802D0067915E /* OpenGL.framework */ = {isa = PBXFileReference; lastKnownFileType = wrapper.framework; name = OpenGL.framework; path = System/Library/Frameworks/OpenGL.framework; sourceTree = SDKROOT; };
		4223536A1561802D0067915E /* OpenAL.framework */ = {isa = PBXFileReference; lastKnownFileType = wrapper.framework; name = OpenAL.framework; path = System/Library/Frameworks/OpenAL.framework; sourceTree = SDKROOT; };
		4223536C1561802D0067915E /* AudioToolbox.framework */ = {isa = PBXFileReference; lastKnownFileType = wrapper.framework; name = AudioToolbox.framework; path = System/Library/Frameworks/AudioToolbox.framework; sourceTree = SDKROOT; };
		4223536E1561802D0067915E /* AppKit.framework */ = {isa = PBXFileReference; lastKnownFileType = wrapper.framework; name = AppKit.framework; path = System/Library/Frameworks/AppKit.framework; sourceTree = SDKROOT; };
		422353701561802D0067915E /* Foundation.framework */ = {isa = PBXFileReference; lastKnownFileType = wrapper.framework; name = Foundation.framework; path = System/Library/Frameworks/Foundation.framework; sourceTree = SDKROOT; };
		422353761561802D0067915E /* English */ = {isa = PBXFileReference; lastKnownFileType = text.plist.strings; name = English; path = Resources/English.lproj/InfoPlist.strings; sourceTree = "<group>"; };
		422353791561802D0067915E /* English */ = {isa = PBXFileReference; lastKnownFileType = file.xib; name = English; path = Resources/English.lproj/MainMenu.xib; sourceTree = "<group>"; };
		4223537B1561802D0067915E /* fps_images.png */ = {isa = PBXFileReference; lastKnownFileType = image.png; name = fps_images.png; path = Resources/fps_images.png; sourceTree = "<group>"; };
		4223537D1561802D0067915E /* icon.icns */ = {isa = PBXFileReference; lastKnownFileType = image.icns; name = icon.icns; path = Resources/icon.icns; sourceTree = "<group>"; };
		4223537F1561802D0067915E /* Info.plist */ = {isa = PBXFileReference; lastKnownFileType = text.plist.xml; name = Info.plist; path = Resources/Info.plist; sourceTree = "<group>"; };
		422353821561802D0067915E /* CCAction.h */ = {isa = PBXFileReference; lastKnownFileType = sourcecode.c.h; name = CCAction.h; path = libs/cocos2d/CCAction.h; sourceTree = "<group>"; };
		422353831561802D0067915E /* CCAction.m */ = {isa = PBXFileReference; lastKnownFileType = sourcecode.c.objc; name = CCAction.m; path = libs/cocos2d/CCAction.m; sourceTree = "<group>"; };
		422353851561802D0067915E /* CCActionCamera.h */ = {isa = PBXFileReference; lastKnownFileType = sourcecode.c.h; name = CCActionCamera.h; path = libs/cocos2d/CCActionCamera.h; sourceTree = "<group>"; };
		422353861561802D0067915E /* CCActionCamera.m */ = {isa = PBXFileReference; lastKnownFileType = sourcecode.c.objc; name = CCActionCamera.m; path = libs/cocos2d/CCActionCamera.m; sourceTree = "<group>"; };
		422353881561802D0067915E /* CCActionEase.h */ = {isa = PBXFileReference; lastKnownFileType = sourcecode.c.h; name = CCActionEase.h; path = libs/cocos2d/CCActionEase.h; sourceTree = "<group>"; };
		422353891561802D0067915E /* CCActionEase.m */ = {isa = PBXFileReference; lastKnownFileType = sourcecode.c.objc; name = CCActionEase.m; path = libs/cocos2d/CCActionEase.m; sourceTree = "<group>"; };
		4223538B1561802D0067915E /* CCActionGrid.h */ = {isa = PBXFileReference; lastKnownFileType = sourcecode.c.h; name = CCActionGrid.h; path = libs/cocos2d/CCActionGrid.h; sourceTree = "<group>"; };
		4223538C1561802D0067915E /* CCActionGrid.m */ = {isa = PBXFileReference; lastKnownFileType = sourcecode.c.objc; name = CCActionGrid.m; path = libs/cocos2d/CCActionGrid.m; sourceTree = "<group>"; };
		4223538E1561802D0067915E /* CCActionGrid3D.h */ = {isa = PBXFileReference; lastKnownFileType = sourcecode.c.h; name = CCActionGrid3D.h; path = libs/cocos2d/CCActionGrid3D.h; sourceTree = "<group>"; };
		4223538F1561802D0067915E /* CCActionGrid3D.m */ = {isa = PBXFileReference; lastKnownFileType = sourcecode.c.objc; name = CCActionGrid3D.m; path = libs/cocos2d/CCActionGrid3D.m; sourceTree = "<group>"; };
		422353911561802D0067915E /* CCActionInstant.h */ = {isa = PBXFileReference; lastKnownFileType = sourcecode.c.h; name = CCActionInstant.h; path = libs/cocos2d/CCActionInstant.h; sourceTree = "<group>"; };
		422353921561802D0067915E /* CCActionInstant.m */ = {isa = PBXFileReference; lastKnownFileType = sourcecode.c.objc; name = CCActionInstant.m; path = libs/cocos2d/CCActionInstant.m; sourceTree = "<group>"; };
		422353941561802D0067915E /* CCActionInterval.h */ = {isa = PBXFileReference; lastKnownFileType = sourcecode.c.h; name = CCActionInterval.h; path = libs/cocos2d/CCActionInterval.h; sourceTree = "<group>"; };
		422353951561802D0067915E /* CCActionInterval.m */ = {isa = PBXFileReference; lastKnownFileType = sourcecode.c.objc; name = CCActionInterval.m; path = libs/cocos2d/CCActionInterval.m; sourceTree = "<group>"; };
		422353971561802D0067915E /* CCActionManager.h */ = {isa = PBXFileReference; lastKnownFileType = sourcecode.c.h; name = CCActionManager.h; path = libs/cocos2d/CCActionManager.h; sourceTree = "<group>"; };
		422353981561802D0067915E /* CCActionManager.m */ = {isa = PBXFileReference; lastKnownFileType = sourcecode.c.objc; name = CCActionManager.m; path = libs/cocos2d/CCActionManager.m; sourceTree = "<group>"; };
		4223539A1561802D0067915E /* CCActionPageTurn3D.h */ = {isa = PBXFileReference; lastKnownFileType = sourcecode.c.h; name = CCActionPageTurn3D.h; path = libs/cocos2d/CCActionPageTurn3D.h; sourceTree = "<group>"; };
		4223539B1561802D0067915E /* CCActionPageTurn3D.m */ = {isa = PBXFileReference; lastKnownFileType = sourcecode.c.objc; name = CCActionPageTurn3D.m; path = libs/cocos2d/CCActionPageTurn3D.m; sourceTree = "<group>"; };
		4223539D1561802D0067915E /* CCActionProgressTimer.h */ = {isa = PBXFileReference; lastKnownFileType = sourcecode.c.h; name = CCActionProgressTimer.h; path = libs/cocos2d/CCActionProgressTimer.h; sourceTree = "<group>"; };
		4223539E1561802D0067915E /* CCActionProgressTimer.m */ = {isa = PBXFileReference; lastKnownFileType = sourcecode.c.objc; name = CCActionProgressTimer.m; path = libs/cocos2d/CCActionProgressTimer.m; sourceTree = "<group>"; };
		422353A01561802D0067915E /* CCActionTiledGrid.h */ = {isa = PBXFileReference; lastKnownFileType = sourcecode.c.h; name = CCActionTiledGrid.h; path = libs/cocos2d/CCActionTiledGrid.h; sourceTree = "<group>"; };
		422353A11561802D0067915E /* CCActionTiledGrid.m */ = {isa = PBXFileReference; lastKnownFileType = sourcecode.c.objc; name = CCActionTiledGrid.m; path = libs/cocos2d/CCActionTiledGrid.m; sourceTree = "<group>"; };
		422353A31561802D0067915E /* CCActionTween.h */ = {isa = PBXFileReference; lastKnownFileType = sourcecode.c.h; name = CCActionTween.h; path = libs/cocos2d/CCActionTween.h; sourceTree = "<group>"; };
		422353A41561802D0067915E /* CCActionTween.m */ = {isa = PBXFileReference; lastKnownFileType = sourcecode.c.objc; name = CCActionTween.m; path = libs/cocos2d/CCActionTween.m; sourceTree = "<group>"; };
		422353A61561802D0067915E /* CCAnimation.h */ = {isa = PBXFileReference; lastKnownFileType = sourcecode.c.h; name = CCAnimation.h; path = libs/cocos2d/CCAnimation.h; sourceTree = "<group>"; };
		422353A71561802D0067915E /* CCAnimation.m */ = {isa = PBXFileReference; lastKnownFileType = sourcecode.c.objc; name = CCAnimation.m; path = libs/cocos2d/CCAnimation.m; sourceTree = "<group>"; };
		422353A91561802D0067915E /* CCAnimationCache.h */ = {isa = PBXFileReference; lastKnownFileType = sourcecode.c.h; name = CCAnimationCache.h; path = libs/cocos2d/CCAnimationCache.h; sourceTree = "<group>"; };
		422353AA1561802D0067915E /* CCAnimationCache.m */ = {isa = PBXFileReference; lastKnownFileType = sourcecode.c.objc; name = CCAnimationCache.m; path = libs/cocos2d/CCAnimationCache.m; sourceTree = "<group>"; };
		422353AC1561802D0067915E /* CCAtlasNode.h */ = {isa = PBXFileReference; lastKnownFileType = sourcecode.c.h; name = CCAtlasNode.h; path = libs/cocos2d/CCAtlasNode.h; sourceTree = "<group>"; };
		422353AD1561802D0067915E /* CCAtlasNode.m */ = {isa = PBXFileReference; lastKnownFileType = sourcecode.c.objc; name = CCAtlasNode.m; path = libs/cocos2d/CCAtlasNode.m; sourceTree = "<group>"; };
		422353AF1561802D0067915E /* CCBlockSupport.h */ = {isa = PBXFileReference; lastKnownFileType = sourcecode.c.h; name = CCBlockSupport.h; path = libs/cocos2d/CCBlockSupport.h; sourceTree = "<group>"; };
		422353B01561802D0067915E /* CCBlockSupport.m */ = {isa = PBXFileReference; lastKnownFileType = sourcecode.c.objc; name = CCBlockSupport.m; path = libs/cocos2d/CCBlockSupport.m; sourceTree = "<group>"; };
		422353B21561802D0067915E /* CCCamera.h */ = {isa = PBXFileReference; lastKnownFileType = sourcecode.c.h; name = CCCamera.h; path = libs/cocos2d/CCCamera.h; sourceTree = "<group>"; };
		422353B31561802D0067915E /* CCCamera.m */ = {isa = PBXFileReference; lastKnownFileType = sourcecode.c.objc; name = CCCamera.m; path = libs/cocos2d/CCCamera.m; sourceTree = "<group>"; };
		422353B51561802D0067915E /* ccConfig.h */ = {isa = PBXFileReference; lastKnownFileType = sourcecode.c.h; name = ccConfig.h; path = libs/cocos2d/ccConfig.h; sourceTree = "<group>"; };
		422353B61561802D0067915E /* CCConfiguration.h */ = {isa = PBXFileReference; lastKnownFileType = sourcecode.c.h; name = CCConfiguration.h; path = libs/cocos2d/CCConfiguration.h; sourceTree = "<group>"; };
		422353B71561802D0067915E /* CCConfiguration.m */ = {isa = PBXFileReference; lastKnownFileType = sourcecode.c.objc; name = CCConfiguration.m; path = libs/cocos2d/CCConfiguration.m; sourceTree = "<group>"; };
		422353B91561802D0067915E /* CCDirector.h */ = {isa = PBXFileReference; lastKnownFileType = sourcecode.c.h; name = CCDirector.h; path = libs/cocos2d/CCDirector.h; sourceTree = "<group>"; };
		422353BA1561802D0067915E /* CCDirector.m */ = {isa = PBXFileReference; lastKnownFileType = sourcecode.c.objc; name = CCDirector.m; path = libs/cocos2d/CCDirector.m; sourceTree = "<group>"; };
		422353BC1561802D0067915E /* CCDrawingPrimitives.h */ = {isa = PBXFileReference; lastKnownFileType = sourcecode.c.h; name = CCDrawingPrimitives.h; path = libs/cocos2d/CCDrawingPrimitives.h; sourceTree = "<group>"; };
		422353BD1561802D0067915E /* CCDrawingPrimitives.m */ = {isa = PBXFileReference; lastKnownFileType = sourcecode.c.objc; name = CCDrawingPrimitives.m; path = libs/cocos2d/CCDrawingPrimitives.m; sourceTree = "<group>"; };
		422353BF1561802D0067915E /* CCGrabber.h */ = {isa = PBXFileReference; lastKnownFileType = sourcecode.c.h; name = CCGrabber.h; path = libs/cocos2d/CCGrabber.h; sourceTree = "<group>"; };
		422353C01561802D0067915E /* CCGrabber.m */ = {isa = PBXFileReference; lastKnownFileType = sourcecode.c.objc; name = CCGrabber.m; path = libs/cocos2d/CCGrabber.m; sourceTree = "<group>"; };
		422353C21561802D0067915E /* CCGrid.h */ = {isa = PBXFileReference; lastKnownFileType = sourcecode.c.h; name = CCGrid.h; path = libs/cocos2d/CCGrid.h; sourceTree = "<group>"; };
		422353C31561802D0067915E /* CCGrid.m */ = {isa = PBXFileReference; lastKnownFileType = sourcecode.c.objc; name = CCGrid.m; path = libs/cocos2d/CCGrid.m; sourceTree = "<group>"; };
		422353C51561802D0067915E /* CCLabelAtlas.h */ = {isa = PBXFileReference; lastKnownFileType = sourcecode.c.h; name = CCLabelAtlas.h; path = libs/cocos2d/CCLabelAtlas.h; sourceTree = "<group>"; };
		422353C61561802D0067915E /* CCLabelAtlas.m */ = {isa = PBXFileReference; lastKnownFileType = sourcecode.c.objc; name = CCLabelAtlas.m; path = libs/cocos2d/CCLabelAtlas.m; sourceTree = "<group>"; };
		422353C81561802D0067915E /* CCLabelBMFont.h */ = {isa = PBXFileReference; lastKnownFileType = sourcecode.c.h; name = CCLabelBMFont.h; path = libs/cocos2d/CCLabelBMFont.h; sourceTree = "<group>"; };
		422353C91561802D0067915E /* CCLabelBMFont.m */ = {isa = PBXFileReference; lastKnownFileType = sourcecode.c.objc; name = CCLabelBMFont.m; path = libs/cocos2d/CCLabelBMFont.m; sourceTree = "<group>"; };
		422353CB1561802D0067915E /* CCLabelTTF.h */ = {isa = PBXFileReference; lastKnownFileType = sourcecode.c.h; name = CCLabelTTF.h; path = libs/cocos2d/CCLabelTTF.h; sourceTree = "<group>"; };
		422353CC1561802D0067915E /* CCLabelTTF.m */ = {isa = PBXFileReference; lastKnownFileType = sourcecode.c.objc; name = CCLabelTTF.m; path = libs/cocos2d/CCLabelTTF.m; sourceTree = "<group>"; };
		422353CE1561802D0067915E /* CCLayer.h */ = {isa = PBXFileReference; lastKnownFileType = sourcecode.c.h; name = CCLayer.h; path = libs/cocos2d/CCLayer.h; sourceTree = "<group>"; };
		422353CF1561802D0067915E /* CCLayer.m */ = {isa = PBXFileReference; lastKnownFileType = sourcecode.c.objc; name = CCLayer.m; path = libs/cocos2d/CCLayer.m; sourceTree = "<group>"; };
		422353D11561802D0067915E /* ccMacros.h */ = {isa = PBXFileReference; lastKnownFileType = sourcecode.c.h; name = ccMacros.h; path = libs/cocos2d/ccMacros.h; sourceTree = "<group>"; };
		422353D21561802D0067915E /* CCMenu.h */ = {isa = PBXFileReference; lastKnownFileType = sourcecode.c.h; name = CCMenu.h; path = libs/cocos2d/CCMenu.h; sourceTree = "<group>"; };
		422353D31561802D0067915E /* CCMenu.m */ = {isa = PBXFileReference; lastKnownFileType = sourcecode.c.objc; name = CCMenu.m; path = libs/cocos2d/CCMenu.m; sourceTree = "<group>"; };
		422353D51561802D0067915E /* CCMenuItem.h */ = {isa = PBXFileReference; lastKnownFileType = sourcecode.c.h; name = CCMenuItem.h; path = libs/cocos2d/CCMenuItem.h; sourceTree = "<group>"; };
		422353D61561802D0067915E /* CCMenuItem.m */ = {isa = PBXFileReference; lastKnownFileType = sourcecode.c.objc; name = CCMenuItem.m; path = libs/cocos2d/CCMenuItem.m; sourceTree = "<group>"; };
		422353D81561802D0067915E /* CCMotionStreak.h */ = {isa = PBXFileReference; lastKnownFileType = sourcecode.c.h; name = CCMotionStreak.h; path = libs/cocos2d/CCMotionStreak.h; sourceTree = "<group>"; };
		422353D91561802D0067915E /* CCMotionStreak.m */ = {isa = PBXFileReference; lastKnownFileType = sourcecode.c.objc; name = CCMotionStreak.m; path = libs/cocos2d/CCMotionStreak.m; sourceTree = "<group>"; };
		422353DB1561802D0067915E /* CCNode.h */ = {isa = PBXFileReference; lastKnownFileType = sourcecode.c.h; name = CCNode.h; path = libs/cocos2d/CCNode.h; sourceTree = "<group>"; };
		422353DC1561802D0067915E /* CCNode.m */ = {isa = PBXFileReference; lastKnownFileType = sourcecode.c.objc; name = CCNode.m; path = libs/cocos2d/CCNode.m; sourceTree = "<group>"; };
		422353DE1561802D0067915E /* CCParallaxNode.h */ = {isa = PBXFileReference; lastKnownFileType = sourcecode.c.h; name = CCParallaxNode.h; path = libs/cocos2d/CCParallaxNode.h; sourceTree = "<group>"; };
		422353DF1561802D0067915E /* CCParallaxNode.m */ = {isa = PBXFileReference; lastKnownFileType = sourcecode.c.objc; name = CCParallaxNode.m; path = libs/cocos2d/CCParallaxNode.m; sourceTree = "<group>"; };
		422353E11561802D0067915E /* CCParticleExamples.h */ = {isa = PBXFileReference; lastKnownFileType = sourcecode.c.h; name = CCParticleExamples.h; path = libs/cocos2d/CCParticleExamples.h; sourceTree = "<group>"; };
		422353E21561802D0067915E /* CCParticleExamples.m */ = {isa = PBXFileReference; lastKnownFileType = sourcecode.c.objc; name = CCParticleExamples.m; path = libs/cocos2d/CCParticleExamples.m; sourceTree = "<group>"; };
		422353E41561802D0067915E /* CCParticleSystem.h */ = {isa = PBXFileReference; lastKnownFileType = sourcecode.c.h; name = CCParticleSystem.h; path = libs/cocos2d/CCParticleSystem.h; sourceTree = "<group>"; };
		422353E51561802D0067915E /* CCParticleSystem.m */ = {isa = PBXFileReference; lastKnownFileType = sourcecode.c.objc; name = CCParticleSystem.m; path = libs/cocos2d/CCParticleSystem.m; sourceTree = "<group>"; };
		422353E71561802D0067915E /* CCParticleSystemPoint.h */ = {isa = PBXFileReference; lastKnownFileType = sourcecode.c.h; name = CCParticleSystemPoint.h; path = libs/cocos2d/CCParticleSystemPoint.h; sourceTree = "<group>"; };
		422353E81561802D0067915E /* CCParticleSystemPoint.m */ = {isa = PBXFileReference; lastKnownFileType = sourcecode.c.objc; name = CCParticleSystemPoint.m; path = libs/cocos2d/CCParticleSystemPoint.m; sourceTree = "<group>"; };
		422353EA1561802D0067915E /* CCParticleSystemQuad.h */ = {isa = PBXFileReference; lastKnownFileType = sourcecode.c.h; name = CCParticleSystemQuad.h; path = libs/cocos2d/CCParticleSystemQuad.h; sourceTree = "<group>"; };
		422353EB1561802E0067915E /* CCParticleSystemQuad.m */ = {isa = PBXFileReference; lastKnownFileType = sourcecode.c.objc; name = CCParticleSystemQuad.m; path = libs/cocos2d/CCParticleSystemQuad.m; sourceTree = "<group>"; };
		422353ED1561802E0067915E /* CCProgressTimer.h */ = {isa = PBXFileReference; lastKnownFileType = sourcecode.c.h; name = CCProgressTimer.h; path = libs/cocos2d/CCProgressTimer.h; sourceTree = "<group>"; };
		422353EE1561802E0067915E /* CCProgressTimer.m */ = {isa = PBXFileReference; lastKnownFileType = sourcecode.c.objc; name = CCProgressTimer.m; path = libs/cocos2d/CCProgressTimer.m; sourceTree = "<group>"; };
		422353F01561802E0067915E /* CCProtocols.h */ = {isa = PBXFileReference; lastKnownFileType = sourcecode.c.h; name = CCProtocols.h; path = libs/cocos2d/CCProtocols.h; sourceTree = "<group>"; };
		422353F11561802E0067915E /* CCRenderTexture.h */ = {isa = PBXFileReference; lastKnownFileType = sourcecode.c.h; name = CCRenderTexture.h; path = libs/cocos2d/CCRenderTexture.h; sourceTree = "<group>"; };
		422353F21561802E0067915E /* CCRenderTexture.m */ = {isa = PBXFileReference; lastKnownFileType = sourcecode.c.objc; name = CCRenderTexture.m; path = libs/cocos2d/CCRenderTexture.m; sourceTree = "<group>"; };
		422353F41561802E0067915E /* CCRibbon.h */ = {isa = PBXFileReference; lastKnownFileType = sourcecode.c.h; name = CCRibbon.h; path = libs/cocos2d/CCRibbon.h; sourceTree = "<group>"; };
		422353F51561802E0067915E /* CCRibbon.m */ = {isa = PBXFileReference; lastKnownFileType = sourcecode.c.objc; name = CCRibbon.m; path = libs/cocos2d/CCRibbon.m; sourceTree = "<group>"; };
		422353F71561802E0067915E /* CCScene.h */ = {isa = PBXFileReference; lastKnownFileType = sourcecode.c.h; name = CCScene.h; path = libs/cocos2d/CCScene.h; sourceTree = "<group>"; };
		422353F81561802E0067915E /* CCScene.m */ = {isa = PBXFileReference; lastKnownFileType = sourcecode.c.objc; name = CCScene.m; path = libs/cocos2d/CCScene.m; sourceTree = "<group>"; };
		422353FA1561802E0067915E /* CCScheduler.h */ = {isa = PBXFileReference; lastKnownFileType = sourcecode.c.h; name = CCScheduler.h; path = libs/cocos2d/CCScheduler.h; sourceTree = "<group>"; };
		422353FB1561802E0067915E /* CCScheduler.m */ = {isa = PBXFileReference; lastKnownFileType = sourcecode.c.objc; name = CCScheduler.m; path = libs/cocos2d/CCScheduler.m; sourceTree = "<group>"; };
		422353FD1561802E0067915E /* CCSprite.h */ = {isa = PBXFileReference; lastKnownFileType = sourcecode.c.h; name = CCSprite.h; path = libs/cocos2d/CCSprite.h; sourceTree = "<group>"; };
		422353FE1561802E0067915E /* CCSprite.m */ = {isa = PBXFileReference; lastKnownFileType = sourcecode.c.objc; name = CCSprite.m; path = libs/cocos2d/CCSprite.m; sourceTree = "<group>"; };
		422354001561802E0067915E /* CCSpriteBatchNode.h */ = {isa = PBXFileReference; lastKnownFileType = sourcecode.c.h; name = CCSpriteBatchNode.h; path = libs/cocos2d/CCSpriteBatchNode.h; sourceTree = "<group>"; };
		422354011561802E0067915E /* CCSpriteBatchNode.m */ = {isa = PBXFileReference; lastKnownFileType = sourcecode.c.objc; name = CCSpriteBatchNode.m; path = libs/cocos2d/CCSpriteBatchNode.m; sourceTree = "<group>"; };
		422354031561802E0067915E /* CCSpriteFrame.h */ = {isa = PBXFileReference; lastKnownFileType = sourcecode.c.h; name = CCSpriteFrame.h; path = libs/cocos2d/CCSpriteFrame.h; sourceTree = "<group>"; };
		422354041561802E0067915E /* CCSpriteFrame.m */ = {isa = PBXFileReference; lastKnownFileType = sourcecode.c.objc; name = CCSpriteFrame.m; path = libs/cocos2d/CCSpriteFrame.m; sourceTree = "<group>"; };
		422354061561802E0067915E /* CCSpriteFrameCache.h */ = {isa = PBXFileReference; lastKnownFileType = sourcecode.c.h; name = CCSpriteFrameCache.h; path = libs/cocos2d/CCSpriteFrameCache.h; sourceTree = "<group>"; };
		422354071561802E0067915E /* CCSpriteFrameCache.m */ = {isa = PBXFileReference; lastKnownFileType = sourcecode.c.objc; name = CCSpriteFrameCache.m; path = libs/cocos2d/CCSpriteFrameCache.m; sourceTree = "<group>"; };
		422354091561802E0067915E /* CCTexture2D.h */ = {isa = PBXFileReference; lastKnownFileType = sourcecode.c.h; name = CCTexture2D.h; path = libs/cocos2d/CCTexture2D.h; sourceTree = "<group>"; };
		4223540A1561802E0067915E /* CCTexture2D.m */ = {isa = PBXFileReference; lastKnownFileType = sourcecode.c.objc; name = CCTexture2D.m; path = libs/cocos2d/CCTexture2D.m; sourceTree = "<group>"; };
		4223540C1561802E0067915E /* CCTextureAtlas.h */ = {isa = PBXFileReference; lastKnownFileType = sourcecode.c.h; name = CCTextureAtlas.h; path = libs/cocos2d/CCTextureAtlas.h; sourceTree = "<group>"; };
		4223540D1561802E0067915E /* CCTextureAtlas.m */ = {isa = PBXFileReference; lastKnownFileType = sourcecode.c.objc; name = CCTextureAtlas.m; path = libs/cocos2d/CCTextureAtlas.m; sourceTree = "<group>"; };
		4223540F1561802E0067915E /* CCTextureCache.h */ = {isa = PBXFileReference; lastKnownFileType = sourcecode.c.h; name = CCTextureCache.h; path = libs/cocos2d/CCTextureCache.h; sourceTree = "<group>"; };
		422354101561802E0067915E /* CCTextureCache.m */ = {isa = PBXFileReference; lastKnownFileType = sourcecode.c.objc; name = CCTextureCache.m; path = libs/cocos2d/CCTextureCache.m; sourceTree = "<group>"; };
		422354121561802E0067915E /* CCTexturePVR.h */ = {isa = PBXFileReference; lastKnownFileType = sourcecode.c.h; name = CCTexturePVR.h; path = libs/cocos2d/CCTexturePVR.h; sourceTree = "<group>"; };
		422354131561802E0067915E /* CCTexturePVR.m */ = {isa = PBXFileReference; lastKnownFileType = sourcecode.c.objc; name = CCTexturePVR.m; path = libs/cocos2d/CCTexturePVR.m; sourceTree = "<group>"; };
		422354151561802E0067915E /* CCTileMapAtlas.h */ = {isa = PBXFileReference; lastKnownFileType = sourcecode.c.h; name = CCTileMapAtlas.h; path = libs/cocos2d/CCTileMapAtlas.h; sourceTree = "<group>"; };
		422354161561802E0067915E /* CCTileMapAtlas.m */ = {isa = PBXFileReference; lastKnownFileType = sourcecode.c.objc; name = CCTileMapAtlas.m; path = libs/cocos2d/CCTileMapAtlas.m; sourceTree = "<group>"; };
		422354181561802E0067915E /* CCTMXLayer.h */ = {isa = PBXFileReference; lastKnownFileType = sourcecode.c.h; name = CCTMXLayer.h; path = libs/cocos2d/CCTMXLayer.h; sourceTree = "<group>"; };
		422354191561802E0067915E /* CCTMXLayer.m */ = {isa = PBXFileReference; lastKnownFileType = sourcecode.c.objc; name = CCTMXLayer.m; path = libs/cocos2d/CCTMXLayer.m; sourceTree = "<group>"; };
		4223541B1561802E0067915E /* CCTMXObjectGroup.h */ = {isa = PBXFileReference; lastKnownFileType = sourcecode.c.h; name = CCTMXObjectGroup.h; path = libs/cocos2d/CCTMXObjectGroup.h; sourceTree = "<group>"; };
		4223541C1561802E0067915E /* CCTMXObjectGroup.m */ = {isa = PBXFileReference; lastKnownFileType = sourcecode.c.objc; name = CCTMXObjectGroup.m; path = libs/cocos2d/CCTMXObjectGroup.m; sourceTree = "<group>"; };
		4223541E1561802E0067915E /* CCTMXTiledMap.h */ = {isa = PBXFileReference; lastKnownFileType = sourcecode.c.h; name = CCTMXTiledMap.h; path = libs/cocos2d/CCTMXTiledMap.h; sourceTree = "<group>"; };
		4223541F1561802E0067915E /* CCTMXTiledMap.m */ = {isa = PBXFileReference; lastKnownFileType = sourcecode.c.objc; name = CCTMXTiledMap.m; path = libs/cocos2d/CCTMXTiledMap.m; sourceTree = "<group>"; };
		422354211561802E0067915E /* CCTMXXMLParser.h */ = {isa = PBXFileReference; lastKnownFileType = sourcecode.c.h; name = CCTMXXMLParser.h; path = libs/cocos2d/CCTMXXMLParser.h; sourceTree = "<group>"; };
		422354221561802E0067915E /* CCTMXXMLParser.m */ = {isa = PBXFileReference; lastKnownFileType = sourcecode.c.objc; name = CCTMXXMLParser.m; path = libs/cocos2d/CCTMXXMLParser.m; sourceTree = "<group>"; };
		422354241561802E0067915E /* CCTransition.h */ = {isa = PBXFileReference; lastKnownFileType = sourcecode.c.h; name = CCTransition.h; path = libs/cocos2d/CCTransition.h; sourceTree = "<group>"; };
		422354251561802E0067915E /* CCTransition.m */ = {isa = PBXFileReference; lastKnownFileType = sourcecode.c.objc; name = CCTransition.m; path = libs/cocos2d/CCTransition.m; sourceTree = "<group>"; };
		422354271561802E0067915E /* CCTransitionPageTurn.h */ = {isa = PBXFileReference; lastKnownFileType = sourcecode.c.h; name = CCTransitionPageTurn.h; path = libs/cocos2d/CCTransitionPageTurn.h; sourceTree = "<group>"; };
		422354281561802E0067915E /* CCTransitionPageTurn.m */ = {isa = PBXFileReference; lastKnownFileType = sourcecode.c.objc; name = CCTransitionPageTurn.m; path = libs/cocos2d/CCTransitionPageTurn.m; sourceTree = "<group>"; };
		4223542A1561802E0067915E /* CCTransitionRadial.h */ = {isa = PBXFileReference; lastKnownFileType = sourcecode.c.h; name = CCTransitionRadial.h; path = libs/cocos2d/CCTransitionRadial.h; sourceTree = "<group>"; };
		4223542B1561802E0067915E /* CCTransitionRadial.m */ = {isa = PBXFileReference; lastKnownFileType = sourcecode.c.objc; name = CCTransitionRadial.m; path = libs/cocos2d/CCTransitionRadial.m; sourceTree = "<group>"; };
		4223542D1561802E0067915E /* ccTypes.h */ = {isa = PBXFileReference; lastKnownFileType = sourcecode.c.h; name = ccTypes.h; path = libs/cocos2d/ccTypes.h; sourceTree = "<group>"; };
		4223542E1561802E0067915E /* cocos2d.h */ = {isa = PBXFileReference; lastKnownFileType = sourcecode.c.h; name = cocos2d.h; path = libs/cocos2d/cocos2d.h; sourceTree = "<group>"; };
		4223542F1561802E0067915E /* cocos2d.m */ = {isa = PBXFileReference; lastKnownFileType = sourcecode.c.objc; name = cocos2d.m; path = libs/cocos2d/cocos2d.m; sourceTree = "<group>"; };
		422354321561802E0067915E /* CCGL.h */ = {isa = PBXFileReference; lastKnownFileType = sourcecode.c.h; name = CCGL.h; path = libs/cocos2d/Platforms/CCGL.h; sourceTree = "<group>"; };
		422354331561802E0067915E /* CCNS.h */ = {isa = PBXFileReference; lastKnownFileType = sourcecode.c.h; name = CCNS.h; path = libs/cocos2d/Platforms/CCNS.h; sourceTree = "<group>"; };
		422354351561802E0067915E /* CCDirectorIOS.h */ = {isa = PBXFileReference; lastKnownFileType = sourcecode.c.h; name = CCDirectorIOS.h; path = libs/cocos2d/Platforms/iOS/CCDirectorIOS.h; sourceTree = "<group>"; };
		422354361561802E0067915E /* CCDirectorIOS.m */ = {isa = PBXFileReference; lastKnownFileType = sourcecode.c.objc; name = CCDirectorIOS.m; path = libs/cocos2d/Platforms/iOS/CCDirectorIOS.m; sourceTree = "<group>"; };
		422354381561802E0067915E /* CCTouchDelegateProtocol.h */ = {isa = PBXFileReference; lastKnownFileType = sourcecode.c.h; name = CCTouchDelegateProtocol.h; path = libs/cocos2d/Platforms/iOS/CCTouchDelegateProtocol.h; sourceTree = "<group>"; };
		422354391561802E0067915E /* CCTouchDispatcher.h */ = {isa = PBXFileReference; lastKnownFileType = sourcecode.c.h; name = CCTouchDispatcher.h; path = libs/cocos2d/Platforms/iOS/CCTouchDispatcher.h; sourceTree = "<group>"; };
		4223543A1561802E0067915E /* CCTouchDispatcher.m */ = {isa = PBXFileReference; lastKnownFileType = sourcecode.c.objc; name = CCTouchDispatcher.m; path = libs/cocos2d/Platforms/iOS/CCTouchDispatcher.m; sourceTree = "<group>"; };
		4223543C1561802E0067915E /* CCTouchHandler.h */ = {isa = PBXFileReference; lastKnownFileType = sourcecode.c.h; name = CCTouchHandler.h; path = libs/cocos2d/Platforms/iOS/CCTouchHandler.h; sourceTree = "<group>"; };
		4223543D1561802E0067915E /* CCTouchHandler.m */ = {isa = PBXFileReference; lastKnownFileType = sourcecode.c.objc; name = CCTouchHandler.m; path = libs/cocos2d/Platforms/iOS/CCTouchHandler.m; sourceTree = "<group>"; };
		4223543F1561802E0067915E /* EAGLView.h */ = {isa = PBXFileReference; lastKnownFileType = sourcecode.c.h; name = EAGLView.h; path = libs/cocos2d/Platforms/iOS/EAGLView.h; sourceTree = "<group>"; };
		422354401561802E0067915E /* EAGLView.m */ = {isa = PBXFileReference; lastKnownFileType = sourcecode.c.objc; name = EAGLView.m; path = libs/cocos2d/Platforms/iOS/EAGLView.m; sourceTree = "<group>"; };
		422354421561802E0067915E /* ES1Renderer.h */ = {isa = PBXFileReference; lastKnownFileType = sourcecode.c.h; name = ES1Renderer.h; path = libs/cocos2d/Platforms/iOS/ES1Renderer.h; sourceTree = "<group>"; };
		422354431561802E0067915E /* ES1Renderer.m */ = {isa = PBXFileReference; lastKnownFileType = sourcecode.c.objc; name = ES1Renderer.m; path = libs/cocos2d/Platforms/iOS/ES1Renderer.m; sourceTree = "<group>"; };
		422354451561802E0067915E /* ESRenderer.h */ = {isa = PBXFileReference; lastKnownFileType = sourcecode.c.h; name = ESRenderer.h; path = libs/cocos2d/Platforms/iOS/ESRenderer.h; sourceTree = "<group>"; };
		422354461561802E0067915E /* glu.c */ = {isa = PBXFileReference; lastKnownFileType = sourcecode.c.c; name = glu.c; path = libs/cocos2d/Platforms/iOS/glu.c; sourceTree = "<group>"; };
		422354481561802E0067915E /* glu.h */ = {isa = PBXFileReference; lastKnownFileType = sourcecode.c.h; name = glu.h; path = libs/cocos2d/Platforms/iOS/glu.h; sourceTree = "<group>"; };
		4223544A1561802E0067915E /* CCDirectorMac.h */ = {isa = PBXFileReference; lastKnownFileType = sourcecode.c.h; name = CCDirectorMac.h; path = libs/cocos2d/Platforms/Mac/CCDirectorMac.h; sourceTree = "<group>"; };
		4223544B1561802E0067915E /* CCDirectorMac.m */ = {isa = PBXFileReference; lastKnownFileType = sourcecode.c.objc; name = CCDirectorMac.m; path = libs/cocos2d/Platforms/Mac/CCDirectorMac.m; sourceTree = "<group>"; };
		4223544D1561802E0067915E /* CCEventDispatcher.h */ = {isa = PBXFileReference; lastKnownFileType = sourcecode.c.h; name = CCEventDispatcher.h; path = libs/cocos2d/Platforms/Mac/CCEventDispatcher.h; sourceTree = "<group>"; };
		4223544E1561802E0067915E /* CCEventDispatcher.m */ = {isa = PBXFileReference; lastKnownFileType = sourcecode.c.objc; name = CCEventDispatcher.m; path = libs/cocos2d/Platforms/Mac/CCEventDispatcher.m; sourceTree = "<group>"; };
		422354501561802E0067915E /* MacGLView.h */ = {isa = PBXFileReference; lastKnownFileType = sourcecode.c.h; name = MacGLView.h; path = libs/cocos2d/Platforms/Mac/MacGLView.h; sourceTree = "<group>"; };
		422354511561802E0067915E /* MacGLView.m */ = {isa = PBXFileReference; lastKnownFileType = sourcecode.c.objc; name = MacGLView.m; path = libs/cocos2d/Platforms/Mac/MacGLView.m; sourceTree = "<group>"; };
		422354531561802E0067915E /* MacWindow.h */ = {isa = PBXFileReference; lastKnownFileType = sourcecode.c.h; name = MacWindow.h; path = libs/cocos2d/Platforms/Mac/MacWindow.h; sourceTree = "<group>"; };
		422354541561802E0067915E /* MacWindow.m */ = {isa = PBXFileReference; lastKnownFileType = sourcecode.c.objc; name = MacWindow.m; path = libs/cocos2d/Platforms/Mac/MacWindow.m; sourceTree = "<group>"; };
		422354571561802E0067915E /* base64.c */ = {isa = PBXFileReference; lastKnownFileType = sourcecode.c.c; name = base64.c; path = libs/cocos2d/Support/base64.c; sourceTree = "<group>"; };
		422354591561802E0067915E /* base64.h */ = {isa = PBXFileReference; lastKnownFileType = sourcecode.c.h; name = base64.h; path = libs/cocos2d/Support/base64.h; sourceTree = "<group>"; };
		4223545A1561802E0067915E /* CCArray.h */ = {isa = PBXFileReference; lastKnownFileType = sourcecode.c.h; name = CCArray.h; path = libs/cocos2d/Support/CCArray.h; sourceTree = "<group>"; };
		4223545B1561802E0067915E /* CCArray.m */ = {isa = PBXFileReference; lastKnownFileType = sourcecode.c.objc; name = CCArray.m; path = libs/cocos2d/Support/CCArray.m; sourceTree = "<group>"; };
		4223545D1561802E0067915E /* ccCArray.h */ = {isa = PBXFileReference; lastKnownFileType = sourcecode.c.h; name = ccCArray.h; path = libs/cocos2d/Support/ccCArray.h; sourceTree = "<group>"; };
		4223545E1561802E0067915E /* CCFileUtils.h */ = {isa = PBXFileReference; lastKnownFileType = sourcecode.c.h; name = CCFileUtils.h; path = libs/cocos2d/Support/CCFileUtils.h; sourceTree = "<group>"; };
		4223545F1561802E0067915E /* CCFileUtils.m */ = {isa = PBXFileReference; lastKnownFileType = sourcecode.c.objc; name = CCFileUtils.m; path = libs/cocos2d/Support/CCFileUtils.m; sourceTree = "<group>"; };
		422354611561802E0067915E /* CCProfiling.h */ = {isa = PBXFileReference; lastKnownFileType = sourcecode.c.h; name = CCProfiling.h; path = libs/cocos2d/Support/CCProfiling.h; sourceTree = "<group>"; };
		422354621561802E0067915E /* CCProfiling.m */ = {isa = PBXFileReference; lastKnownFileType = sourcecode.c.objc; name = CCProfiling.m; path = libs/cocos2d/Support/CCProfiling.m; sourceTree = "<group>"; };
		422354641561802E0067915E /* ccUtils.c */ = {isa = PBXFileReference; lastKnownFileType = sourcecode.c.c; name = ccUtils.c; path = libs/cocos2d/Support/ccUtils.c; sourceTree = "<group>"; };
		422354661561802E0067915E /* ccUtils.h */ = {isa = PBXFileReference; lastKnownFileType = sourcecode.c.h; name = ccUtils.h; path = libs/cocos2d/Support/ccUtils.h; sourceTree = "<group>"; };
		422354671561802E0067915E /* CGPointExtension.h */ = {isa = PBXFileReference; lastKnownFileType = sourcecode.c.h; name = CGPointExtension.h; path = libs/cocos2d/Support/CGPointExtension.h; sourceTree = "<group>"; };
		422354681561802E0067915E /* CGPointExtension.m */ = {isa = PBXFileReference; lastKnownFileType = sourcecode.c.objc; name = CGPointExtension.m; path = libs/cocos2d/Support/CGPointExtension.m; sourceTree = "<group>"; };
		4223546A1561802E0067915E /* OpenGL_Internal.h */ = {isa = PBXFileReference; lastKnownFileType = sourcecode.c.h; name = OpenGL_Internal.h; path = libs/cocos2d/Support/OpenGL_Internal.h; sourceTree = "<group>"; };
		4223546B1561802E0067915E /* TGAlib.h */ = {isa = PBXFileReference; lastKnownFileType = sourcecode.c.h; name = TGAlib.h; path = libs/cocos2d/Support/TGAlib.h; sourceTree = "<group>"; };
		4223546C1561802E0067915E /* TGAlib.m */ = {isa = PBXFileReference; lastKnownFileType = sourcecode.c.objc; name = TGAlib.m; path = libs/cocos2d/Support/TGAlib.m; sourceTree = "<group>"; };
		4223546E1561802E0067915E /* TransformUtils.h */ = {isa = PBXFileReference; lastKnownFileType = sourcecode.c.h; name = TransformUtils.h; path = libs/cocos2d/Support/TransformUtils.h; sourceTree = "<group>"; };
		4223546F1561802E0067915E /* TransformUtils.m */ = {isa = PBXFileReference; lastKnownFileType = sourcecode.c.objc; name = TransformUtils.m; path = libs/cocos2d/Support/TransformUtils.m; sourceTree = "<group>"; };
		422354711561802E0067915E /* uthash.h */ = {isa = PBXFileReference; lastKnownFileType = sourcecode.c.h; name = uthash.h; path = libs/cocos2d/Support/uthash.h; sourceTree = "<group>"; };
		422354721561802E0067915E /* utlist.h */ = {isa = PBXFileReference; lastKnownFileType = sourcecode.c.h; name = utlist.h; path = libs/cocos2d/Support/utlist.h; sourceTree = "<group>"; };
		422354731561802E0067915E /* ZipUtils.h */ = {isa = PBXFileReference; lastKnownFileType = sourcecode.c.h; name = ZipUtils.h; path = libs/cocos2d/Support/ZipUtils.h; sourceTree = "<group>"; };
		422354741561802E0067915E /* ZipUtils.m */ = {isa = PBXFileReference; lastKnownFileType = sourcecode.c.objc; name = ZipUtils.m; path = libs/cocos2d/Support/ZipUtils.m; sourceTree = "<group>"; };
		422354761561802E0067915E /* LICENSE_cocos2d.txt */ = {isa = PBXFileReference; lastKnownFileType = text; name = LICENSE_cocos2d.txt; path = libs/LICENSE_cocos2d.txt; sourceTree = "<group>"; };
		422354781561802E0067915E /* CDAudioManager.h */ = {isa = PBXFileReference; lastKnownFileType = sourcecode.c.h; name = CDAudioManager.h; path = libs/CocosDenshion/CDAudioManager.h; sourceTree = "<group>"; };
		422354791561802E0067915E /* CDAudioManager.m */ = {isa = PBXFileReference; lastKnownFileType = sourcecode.c.objc; name = CDAudioManager.m; path = libs/CocosDenshion/CDAudioManager.m; sourceTree = "<group>"; };
		4223547B1561802E0067915E /* CDConfig.h */ = {isa = PBXFileReference; lastKnownFileType = sourcecode.c.h; name = CDConfig.h; path = libs/CocosDenshion/CDConfig.h; sourceTree = "<group>"; };
		4223547C1561802E0067915E /* CDOpenALSupport.h */ = {isa = PBXFileReference; lastKnownFileType = sourcecode.c.h; name = CDOpenALSupport.h; path = libs/CocosDenshion/CDOpenALSupport.h; sourceTree = "<group>"; };
		4223547D1561802E0067915E /* CDOpenALSupport.m */ = {isa = PBXFileReference; lastKnownFileType = sourcecode.c.objc; name = CDOpenALSupport.m; path = libs/CocosDenshion/CDOpenALSupport.m; sourceTree = "<group>"; };
		4223547F1561802F0067915E /* CocosDenshion.h */ = {isa = PBXFileReference; lastKnownFileType = sourcecode.c.h; name = CocosDenshion.h; path = libs/CocosDenshion/CocosDenshion.h; sourceTree = "<group>"; };
		422354801561802F0067915E /* CocosDenshion.m */ = {isa = PBXFileReference; lastKnownFileType = sourcecode.c.objc; name = CocosDenshion.m; path = libs/CocosDenshion/CocosDenshion.m; sourceTree = "<group>"; };
		422354821561802F0067915E /* SimpleAudioEngine.h */ = {isa = PBXFileReference; lastKnownFileType = sourcecode.c.h; name = SimpleAudioEngine.h; path = libs/CocosDenshion/SimpleAudioEngine.h; sourceTree = "<group>"; };
		422354831561802F0067915E /* SimpleAudioEngine.m */ = {isa = PBXFileReference; lastKnownFileType = sourcecode.c.objc; name = SimpleAudioEngine.m; path = libs/CocosDenshion/SimpleAudioEngine.m; sourceTree = "<group>"; };
		422354851561802F0067915E /* LICENSE_CocosDenshion.txt */ = {isa = PBXFileReference; lastKnownFileType = text; name = LICENSE_CocosDenshion.txt; path = libs/LICENSE_CocosDenshion.txt; sourceTree = "<group>"; };
		422354871561802F0067915E /* CDXMacOSXSupport.h */ = {isa = PBXFileReference; lastKnownFileType = sourcecode.c.h; name = CDXMacOSXSupport.h; path = libs/CocosDenshionExtras/CDXMacOSXSupport.h; sourceTree = "<group>"; };
		422354881561802F0067915E /* CDXMacOSXSupport.m */ = {isa = PBXFileReference; lastKnownFileType = sourcecode.c.objc; name = CDXMacOSXSupport.m; path = libs/CocosDenshionExtras/CDXMacOSXSupport.m; sourceTree = "<group>"; };
		4223548A1561802F0067915E /* CDXPropertyModifierAction.h */ = {isa = PBXFileReference; lastKnownFileType = sourcecode.c.h; name = CDXPropertyModifierAction.h; path = libs/CocosDenshionExtras/CDXPropertyModifierAction.h; sourceTree = "<group>"; };
		4223548B1561802F0067915E /* CDXPropertyModifierAction.m */ = {isa = PBXFileReference; lastKnownFileType = sourcecode.c.objc; name = CDXPropertyModifierAction.m; path = libs/CocosDenshionExtras/CDXPropertyModifierAction.m; sourceTree = "<group>"; };
		4223548E1561802F0067915E /* Prefix.pch */ = {isa = PBXFileReference; lastKnownFileType = sourcecode.c.h; path = Prefix.pch; sourceTree = "<group>"; };
		4223548F1561802F0067915E /* main.m */ = {isa = PBXFileReference; lastKnownFileType = sourcecode.c.objc; path = main.m; sourceTree = "<group>"; };
		422354911561802F0067915E /* AppDelegate.h */ = {isa = PBXFileReference; lastKnownFileType = sourcecode.c.h; path = AppDelegate.h; sourceTree = "<group>"; };
		422354921561802F0067915E /* AppDelegate.m */ = {isa = PBXFileReference; lastKnownFileType = sourcecode.c.objc; path = AppDelegate.m; sourceTree = "<group>"; };
		422354941561802F0067915E /* HelloWorldLayer.h */ = {isa = PBXFileReference; lastKnownFileType = sourcecode.c.h; path = HelloWorldLayer.h; sourceTree = "<group>"; };
		422354951561802F0067915E /* HelloWorldLayer.m */ = {isa = PBXFileReference; lastKnownFileType = sourcecode.c.objc; path = HelloWorldLayer.m; sourceTree = "<group>"; };
/* End PBXFileReference section */

/* Begin PBXFrameworksBuildPhase section */
		4223535F1561802D0067915E /* Frameworks */ = {
			isa = PBXFrameworksBuildPhase;
			buildActionMask = 2147483647;
			files = (
				422353671561802D0067915E /* QuartzCore.framework in Frameworks */,
				422353691561802D0067915E /* OpenGL.framework in Frameworks */,
				4223536B1561802D0067915E /* OpenAL.framework in Frameworks */,
				4223536D1561802D0067915E /* AudioToolbox.framework in Frameworks */,
				4223536F1561802D0067915E /* AppKit.framework in Frameworks */,
				422353711561802D0067915E /* Foundation.framework in Frameworks */,
			);
			runOnlyForDeploymentPostprocessing = 0;
		};
/* End PBXFrameworksBuildPhase section */

/* Begin PBXGroup section */
		422353571561802C0067915E = {
			isa = PBXGroup;
			children = (
				422353721561802D0067915E /* Solitaire */,
				422353651561802D0067915E /* Frameworks */,
				422353631561802D0067915E /* Products */,
			);
			sourceTree = "<group>";
		};
		422353631561802D0067915E /* Products */ = {
			isa = PBXGroup;
			children = (
				422353621561802D0067915E /* Solitaire.app */,
			);
			name = Products;
			sourceTree = "<group>";
		};
		422353651561802D0067915E /* Frameworks */ = {
			isa = PBXGroup;
			children = (
				422353661561802D0067915E /* QuartzCore.framework */,
				422353681561802D0067915E /* OpenGL.framework */,
				4223536A1561802D0067915E /* OpenAL.framework */,
				4223536C1561802D0067915E /* AudioToolbox.framework */,
				4223536E1561802D0067915E /* AppKit.framework */,
				422353701561802D0067915E /* Foundation.framework */,
			);
			name = Frameworks;
			sourceTree = "<group>";
		};
		422353721561802D0067915E /* Solitaire */ = {
			isa = PBXGroup;
			children = (
				422354911561802F0067915E /* AppDelegate.h */,
				422354921561802F0067915E /* AppDelegate.m */,
				422354941561802F0067915E /* HelloWorldLayer.h */,
				422354951561802F0067915E /* HelloWorldLayer.m */,
				422353731561802D0067915E /* Resources */,
				422353801561802D0067915E /* libs */,
				4223548D1561802F0067915E /* Supporting Files */,
			);
			path = Solitaire;
			sourceTree = "<group>";
		};
		422353731561802D0067915E /* Resources */ = {
			isa = PBXGroup;
			children = (
				4223537B1561802D0067915E /* fps_images.png */,
				4223537D1561802D0067915E /* icon.icns */,
				4223537F1561802D0067915E /* Info.plist */,
				422353741561802D0067915E /* English.lproj */,
			);
			name = Resources;
			sourceTree = "<group>";
		};
		422353741561802D0067915E /* English.lproj */ = {
			isa = PBXGroup;
			children = (
				422353751561802D0067915E /* InfoPlist.strings */,
				422353781561802D0067915E /* MainMenu.xib */,
			);
			name = English.lproj;
			sourceTree = "<group>";
		};
		422353801561802D0067915E /* libs */ = {
			isa = PBXGroup;
			children = (
				422354761561802E0067915E /* LICENSE_cocos2d.txt */,
				422354851561802F0067915E /* LICENSE_CocosDenshion.txt */,
				422353811561802D0067915E /* cocos2d */,
				422354771561802E0067915E /* CocosDenshion */,
				422354861561802F0067915E /* CocosDenshionExtras */,
			);
			name = libs;
			sourceTree = "<group>";
		};
		422353811561802D0067915E /* cocos2d */ = {
			isa = PBXGroup;
			children = (
				422353821561802D0067915E /* CCAction.h */,
				422353831561802D0067915E /* CCAction.m */,
				422353851561802D0067915E /* CCActionCamera.h */,
				422353861561802D0067915E /* CCActionCamera.m */,
				422353881561802D0067915E /* CCActionEase.h */,
				422353891561802D0067915E /* CCActionEase.m */,
				4223538B1561802D0067915E /* CCActionGrid.h */,
				4223538C1561802D0067915E /* CCActionGrid.m */,
				4223538E1561802D0067915E /* CCActionGrid3D.h */,
				4223538F1561802D0067915E /* CCActionGrid3D.m */,
				422353911561802D0067915E /* CCActionInstant.h */,
				422353921561802D0067915E /* CCActionInstant.m */,
				422353941561802D0067915E /* CCActionInterval.h */,
				422353951561802D0067915E /* CCActionInterval.m */,
				422353971561802D0067915E /* CCActionManager.h */,
				422353981561802D0067915E /* CCActionManager.m */,
				4223539A1561802D0067915E /* CCActionPageTurn3D.h */,
				4223539B1561802D0067915E /* CCActionPageTurn3D.m */,
				4223539D1561802D0067915E /* CCActionProgressTimer.h */,
				4223539E1561802D0067915E /* CCActionProgressTimer.m */,
				422353A01561802D0067915E /* CCActionTiledGrid.h */,
				422353A11561802D0067915E /* CCActionTiledGrid.m */,
				422353A31561802D0067915E /* CCActionTween.h */,
				422353A41561802D0067915E /* CCActionTween.m */,
				422353A61561802D0067915E /* CCAnimation.h */,
				422353A71561802D0067915E /* CCAnimation.m */,
				422353A91561802D0067915E /* CCAnimationCache.h */,
				422353AA1561802D0067915E /* CCAnimationCache.m */,
				422353AC1561802D0067915E /* CCAtlasNode.h */,
				422353AD1561802D0067915E /* CCAtlasNode.m */,
				422353AF1561802D0067915E /* CCBlockSupport.h */,
				422353B01561802D0067915E /* CCBlockSupport.m */,
				422353B21561802D0067915E /* CCCamera.h */,
				422353B31561802D0067915E /* CCCamera.m */,
				422353B51561802D0067915E /* ccConfig.h */,
				422353B61561802D0067915E /* CCConfiguration.h */,
				422353B71561802D0067915E /* CCConfiguration.m */,
				422353B91561802D0067915E /* CCDirector.h */,
				422353BA1561802D0067915E /* CCDirector.m */,
				422353BC1561802D0067915E /* CCDrawingPrimitives.h */,
				422353BD1561802D0067915E /* CCDrawingPrimitives.m */,
				422353BF1561802D0067915E /* CCGrabber.h */,
				422353C01561802D0067915E /* CCGrabber.m */,
				422353C21561802D0067915E /* CCGrid.h */,
				422353C31561802D0067915E /* CCGrid.m */,
				422353C51561802D0067915E /* CCLabelAtlas.h */,
				422353C61561802D0067915E /* CCLabelAtlas.m */,
				422353C81561802D0067915E /* CCLabelBMFont.h */,
				422353C91561802D0067915E /* CCLabelBMFont.m */,
				422353CB1561802D0067915E /* CCLabelTTF.h */,
				422353CC1561802D0067915E /* CCLabelTTF.m */,
				422353CE1561802D0067915E /* CCLayer.h */,
				422353CF1561802D0067915E /* CCLayer.m */,
				422353D11561802D0067915E /* ccMacros.h */,
				422353D21561802D0067915E /* CCMenu.h */,
				422353D31561802D0067915E /* CCMenu.m */,
				422353D51561802D0067915E /* CCMenuItem.h */,
				422353D61561802D0067915E /* CCMenuItem.m */,
				422353D81561802D0067915E /* CCMotionStreak.h */,
				422353D91561802D0067915E /* CCMotionStreak.m */,
				422353DB1561802D0067915E /* CCNode.h */,
				422353DC1561802D0067915E /* CCNode.m */,
				422353DE1561802D0067915E /* CCParallaxNode.h */,
				422353DF1561802D0067915E /* CCParallaxNode.m */,
				422353E11561802D0067915E /* CCParticleExamples.h */,
				422353E21561802D0067915E /* CCParticleExamples.m */,
				422353E41561802D0067915E /* CCParticleSystem.h */,
				422353E51561802D0067915E /* CCParticleSystem.m */,
				422353E71561802D0067915E /* CCParticleSystemPoint.h */,
				422353E81561802D0067915E /* CCParticleSystemPoint.m */,
				422353EA1561802D0067915E /* CCParticleSystemQuad.h */,
				422353EB1561802E0067915E /* CCParticleSystemQuad.m */,
				422353ED1561802E0067915E /* CCProgressTimer.h */,
				422353EE1561802E0067915E /* CCProgressTimer.m */,
				422353F01561802E0067915E /* CCProtocols.h */,
				422353F11561802E0067915E /* CCRenderTexture.h */,
				422353F21561802E0067915E /* CCRenderTexture.m */,
				422353F41561802E0067915E /* CCRibbon.h */,
				422353F51561802E0067915E /* CCRibbon.m */,
				422353F71561802E0067915E /* CCScene.h */,
				422353F81561802E0067915E /* CCScene.m */,
				422353FA1561802E0067915E /* CCScheduler.h */,
				422353FB1561802E0067915E /* CCScheduler.m */,
				422353FD1561802E0067915E /* CCSprite.h */,
				422353FE1561802E0067915E /* CCSprite.m */,
				422354001561802E0067915E /* CCSpriteBatchNode.h */,
				422354011561802E0067915E /* CCSpriteBatchNode.m */,
				422354031561802E0067915E /* CCSpriteFrame.h */,
				422354041561802E0067915E /* CCSpriteFrame.m */,
				422354061561802E0067915E /* CCSpriteFrameCache.h */,
				422354071561802E0067915E /* CCSpriteFrameCache.m */,
				422354091561802E0067915E /* CCTexture2D.h */,
				4223540A1561802E0067915E /* CCTexture2D.m */,
				4223540C1561802E0067915E /* CCTextureAtlas.h */,
				4223540D1561802E0067915E /* CCTextureAtlas.m */,
				4223540F1561802E0067915E /* CCTextureCache.h */,
				422354101561802E0067915E /* CCTextureCache.m */,
				422354121561802E0067915E /* CCTexturePVR.h */,
				422354131561802E0067915E /* CCTexturePVR.m */,
				422354151561802E0067915E /* CCTileMapAtlas.h */,
				422354161561802E0067915E /* CCTileMapAtlas.m */,
				422354181561802E0067915E /* CCTMXLayer.h */,
				422354191561802E0067915E /* CCTMXLayer.m */,
				4223541B1561802E0067915E /* CCTMXObjectGroup.h */,
				4223541C1561802E0067915E /* CCTMXObjectGroup.m */,
				4223541E1561802E0067915E /* CCTMXTiledMap.h */,
				4223541F1561802E0067915E /* CCTMXTiledMap.m */,
				422354211561802E0067915E /* CCTMXXMLParser.h */,
				422354221561802E0067915E /* CCTMXXMLParser.m */,
				422354241561802E0067915E /* CCTransition.h */,
				422354251561802E0067915E /* CCTransition.m */,
				422354271561802E0067915E /* CCTransitionPageTurn.h */,
				422354281561802E0067915E /* CCTransitionPageTurn.m */,
				4223542A1561802E0067915E /* CCTransitionRadial.h */,
				4223542B1561802E0067915E /* CCTransitionRadial.m */,
				4223542D1561802E0067915E /* ccTypes.h */,
				4223542E1561802E0067915E /* cocos2d.h */,
				4223542F1561802E0067915E /* cocos2d.m */,
				422354311561802E0067915E /* Platforms */,
				422354561561802E0067915E /* Support */,
			);
			name = cocos2d;
			sourceTree = "<group>";
		};
		422354311561802E0067915E /* Platforms */ = {
			isa = PBXGroup;
			children = (
				422354321561802E0067915E /* CCGL.h */,
				422354331561802E0067915E /* CCNS.h */,
				422354341561802E0067915E /* iOS */,
				422354491561802E0067915E /* Mac */,
			);
			name = Platforms;
			sourceTree = "<group>";
		};
		422354341561802E0067915E /* iOS */ = {
			isa = PBXGroup;
			children = (
				422354351561802E0067915E /* CCDirectorIOS.h */,
				422354361561802E0067915E /* CCDirectorIOS.m */,
				422354381561802E0067915E /* CCTouchDelegateProtocol.h */,
				422354391561802E0067915E /* CCTouchDispatcher.h */,
				4223543A1561802E0067915E /* CCTouchDispatcher.m */,
				4223543C1561802E0067915E /* CCTouchHandler.h */,
				4223543D1561802E0067915E /* CCTouchHandler.m */,
				4223543F1561802E0067915E /* EAGLView.h */,
				422354401561802E0067915E /* EAGLView.m */,
				422354421561802E0067915E /* ES1Renderer.h */,
				422354431561802E0067915E /* ES1Renderer.m */,
				422354451561802E0067915E /* ESRenderer.h */,
				422354461561802E0067915E /* glu.c */,
				422354481561802E0067915E /* glu.h */,
			);
			name = iOS;
			sourceTree = "<group>";
		};
		422354491561802E0067915E /* Mac */ = {
			isa = PBXGroup;
			children = (
				4223544A1561802E0067915E /* CCDirectorMac.h */,
				4223544B1561802E0067915E /* CCDirectorMac.m */,
				4223544D1561802E0067915E /* CCEventDispatcher.h */,
				4223544E1561802E0067915E /* CCEventDispatcher.m */,
				422354501561802E0067915E /* MacGLView.h */,
				422354511561802E0067915E /* MacGLView.m */,
				422354531561802E0067915E /* MacWindow.h */,
				422354541561802E0067915E /* MacWindow.m */,
			);
			name = Mac;
			sourceTree = "<group>";
		};
		422354561561802E0067915E /* Support */ = {
			isa = PBXGroup;
			children = (
				422354571561802E0067915E /* base64.c */,
				422354591561802E0067915E /* base64.h */,
				4223545A1561802E0067915E /* CCArray.h */,
				4223545B1561802E0067915E /* CCArray.m */,
				4223545D1561802E0067915E /* ccCArray.h */,
				4223545E1561802E0067915E /* CCFileUtils.h */,
				4223545F1561802E0067915E /* CCFileUtils.m */,
				422354611561802E0067915E /* CCProfiling.h */,
				422354621561802E0067915E /* CCProfiling.m */,
				422354641561802E0067915E /* ccUtils.c */,
				422354661561802E0067915E /* ccUtils.h */,
				422354671561802E0067915E /* CGPointExtension.h */,
				422354681561802E0067915E /* CGPointExtension.m */,
				4223546A1561802E0067915E /* OpenGL_Internal.h */,
				4223546B1561802E0067915E /* TGAlib.h */,
				4223546C1561802E0067915E /* TGAlib.m */,
				4223546E1561802E0067915E /* TransformUtils.h */,
				4223546F1561802E0067915E /* TransformUtils.m */,
				422354711561802E0067915E /* uthash.h */,
				422354721561802E0067915E /* utlist.h */,
				422354731561802E0067915E /* ZipUtils.h */,
				422354741561802E0067915E /* ZipUtils.m */,
			);
			name = Support;
			sourceTree = "<group>";
		};
		422354771561802E0067915E /* CocosDenshion */ = {
			isa = PBXGroup;
			children = (
				422354781561802E0067915E /* CDAudioManager.h */,
				422354791561802E0067915E /* CDAudioManager.m */,
				4223547B1561802E0067915E /* CDConfig.h */,
				4223547C1561802E0067915E /* CDOpenALSupport.h */,
				4223547D1561802E0067915E /* CDOpenALSupport.m */,
				4223547F1561802F0067915E /* CocosDenshion.h */,
				422354801561802F0067915E /* CocosDenshion.m */,
				422354821561802F0067915E /* SimpleAudioEngine.h */,
				422354831561802F0067915E /* SimpleAudioEngine.m */,
			);
			name = CocosDenshion;
			sourceTree = "<group>";
		};
		422354861561802F0067915E /* CocosDenshionExtras */ = {
			isa = PBXGroup;
			children = (
				422354871561802F0067915E /* CDXMacOSXSupport.h */,
				422354881561802F0067915E /* CDXMacOSXSupport.m */,
				4223548A1561802F0067915E /* CDXPropertyModifierAction.h */,
				4223548B1561802F0067915E /* CDXPropertyModifierAction.m */,
			);
			name = CocosDenshionExtras;
			sourceTree = "<group>";
		};
		4223548D1561802F0067915E /* Supporting Files */ = {
			isa = PBXGroup;
			children = (
				4223548E1561802F0067915E /* Prefix.pch */,
				4223548F1561802F0067915E /* main.m */,
			);
			name = "Supporting Files";
			sourceTree = "<group>";
		};
/* End PBXGroup section */

/* Begin PBXNativeTarget section */
		422353611561802D0067915E /* Solitaire */ = {
			isa = PBXNativeTarget;
			buildConfigurationList = 422354991561802F0067915E /* Build configuration list for PBXNativeTarget "Solitaire" */;
			buildPhases = (
				4223535E1561802D0067915E /* Sources */,
				4223535F1561802D0067915E /* Frameworks */,
				422353601561802D0067915E /* Resources */,
			);
			buildRules = (
			);
			dependencies = (
			);
			name = Solitaire;
			productName = Solitaire;
			productReference = 422353621561802D0067915E /* Solitaire.app */;
			productType = "com.apple.product-type.application";
		};
/* End PBXNativeTarget section */

/* Begin PBXProject section */
		422353591561802C0067915E /* Project object */ = {
			isa = PBXProject;
			attributes = {
				LastUpgradeCheck = 0420;
				ORGANIZATIONNAME = aWhiteRaven;
			};
			buildConfigurationList = 4223535C1561802C0067915E /* Build configuration list for PBXProject "Solitaire" */;
			compatibilityVersion = "Xcode 3.2";
			developmentRegion = English;
			hasScannedForEncodings = 0;
			knownRegions = (
				en,
				English,
			);
			mainGroup = 422353571561802C0067915E;
			productRefGroup = 422353631561802D0067915E /* Products */;
			projectDirPath = "";
			projectRoot = "";
			targets = (
				422353611561802D0067915E /* Solitaire */,
			);
		};
/* End PBXProject section */

/* Begin PBXResourcesBuildPhase section */
		422353601561802D0067915E /* Resources */ = {
			isa = PBXResourcesBuildPhase;
			buildActionMask = 2147483647;
			files = (
				422353771561802D0067915E /* InfoPlist.strings in Resources */,
				4223537A1561802D0067915E /* MainMenu.xib in Resources */,
				4223537C1561802D0067915E /* fps_images.png in Resources */,
				4223537E1561802D0067915E /* icon.icns in Resources */,
			);
			runOnlyForDeploymentPostprocessing = 0;
		};
/* End PBXResourcesBuildPhase section */

/* Begin PBXSourcesBuildPhase section */
		4223535E1561802D0067915E /* Sources */ = {
			isa = PBXSourcesBuildPhase;
			buildActionMask = 2147483647;
			files = (
				422353841561802D0067915E /* CCAction.m in Sources */,
				422353871561802D0067915E /* CCActionCamera.m in Sources */,
				4223538A1561802D0067915E /* CCActionEase.m in Sources */,
				4223538D1561802D0067915E /* CCActionGrid.m in Sources */,
				422353901561802D0067915E /* CCActionGrid3D.m in Sources */,
				422353931561802D0067915E /* CCActionInstant.m in Sources */,
				422353961561802D0067915E /* CCActionInterval.m in Sources */,
				422353991561802D0067915E /* CCActionManager.m in Sources */,
				4223539C1561802D0067915E /* CCActionPageTurn3D.m in Sources */,
				4223539F1561802D0067915E /* CCActionProgressTimer.m in Sources */,
				422353A21561802D0067915E /* CCActionTiledGrid.m in Sources */,
				422353A51561802D0067915E /* CCActionTween.m in Sources */,
				422353A81561802D0067915E /* CCAnimation.m in Sources */,
				422353AB1561802D0067915E /* CCAnimationCache.m in Sources */,
				422353AE1561802D0067915E /* CCAtlasNode.m in Sources */,
				422353B11561802D0067915E /* CCBlockSupport.m in Sources */,
				422353B41561802D0067915E /* CCCamera.m in Sources */,
				422353B81561802D0067915E /* CCConfiguration.m in Sources */,
				422353BB1561802D0067915E /* CCDirector.m in Sources */,
				422353BE1561802D0067915E /* CCDrawingPrimitives.m in Sources */,
				422353C11561802D0067915E /* CCGrabber.m in Sources */,
				422353C41561802D0067915E /* CCGrid.m in Sources */,
				422353C71561802D0067915E /* CCLabelAtlas.m in Sources */,
				422353CA1561802D0067915E /* CCLabelBMFont.m in Sources */,
				422353CD1561802D0067915E /* CCLabelTTF.m in Sources */,
				422353D01561802D0067915E /* CCLayer.m in Sources */,
				422353D41561802D0067915E /* CCMenu.m in Sources */,
				422353D71561802D0067915E /* CCMenuItem.m in Sources */,
				422353DA1561802D0067915E /* CCMotionStreak.m in Sources */,
				422353DD1561802D0067915E /* CCNode.m in Sources */,
				422353E01561802D0067915E /* CCParallaxNode.m in Sources */,
				422353E31561802D0067915E /* CCParticleExamples.m in Sources */,
				422353E61561802D0067915E /* CCParticleSystem.m in Sources */,
				422353E91561802D0067915E /* CCParticleSystemPoint.m in Sources */,
				422353EC1561802E0067915E /* CCParticleSystemQuad.m in Sources */,
				422353EF1561802E0067915E /* CCProgressTimer.m in Sources */,
				422353F31561802E0067915E /* CCRenderTexture.m in Sources */,
				422353F61561802E0067915E /* CCRibbon.m in Sources */,
				422353F91561802E0067915E /* CCScene.m in Sources */,
				422353FC1561802E0067915E /* CCScheduler.m in Sources */,
				422353FF1561802E0067915E /* CCSprite.m in Sources */,
				422354021561802E0067915E /* CCSpriteBatchNode.m in Sources */,
				422354051561802E0067915E /* CCSpriteFrame.m in Sources */,
				422354081561802E0067915E /* CCSpriteFrameCache.m in Sources */,
				4223540B1561802E0067915E /* CCTexture2D.m in Sources */,
				4223540E1561802E0067915E /* CCTextureAtlas.m in Sources */,
				422354111561802E0067915E /* CCTextureCache.m in Sources */,
				422354141561802E0067915E /* CCTexturePVR.m in Sources */,
				422354171561802E0067915E /* CCTileMapAtlas.m in Sources */,
				4223541A1561802E0067915E /* CCTMXLayer.m in Sources */,
				4223541D1561802E0067915E /* CCTMXObjectGroup.m in Sources */,
				422354201561802E0067915E /* CCTMXTiledMap.m in Sources */,
				422354231561802E0067915E /* CCTMXXMLParser.m in Sources */,
				422354261561802E0067915E /* CCTransition.m in Sources */,
				422354291561802E0067915E /* CCTransitionPageTurn.m in Sources */,
				4223542C1561802E0067915E /* CCTransitionRadial.m in Sources */,
				422354301561802E0067915E /* cocos2d.m in Sources */,
				422354371561802E0067915E /* CCDirectorIOS.m in Sources */,
				4223543B1561802E0067915E /* CCTouchDispatcher.m in Sources */,
				4223543E1561802E0067915E /* CCTouchHandler.m in Sources */,
				422354411561802E0067915E /* EAGLView.m in Sources */,
				422354441561802E0067915E /* ES1Renderer.m in Sources */,
				422354471561802E0067915E /* glu.c in Sources */,
				4223544C1561802E0067915E /* CCDirectorMac.m in Sources */,
				4223544F1561802E0067915E /* CCEventDispatcher.m in Sources */,
				422354521561802E0067915E /* MacGLView.m in Sources */,
				422354551561802E0067915E /* MacWindow.m in Sources */,
				422354581561802E0067915E /* base64.c in Sources */,
				4223545C1561802E0067915E /* CCArray.m in Sources */,
				422354601561802E0067915E /* CCFileUtils.m in Sources */,
				422354631561802E0067915E /* CCProfiling.m in Sources */,
				422354651561802E0067915E /* ccUtils.c in Sources */,
				422354691561802E0067915E /* CGPointExtension.m in Sources */,
				4223546D1561802E0067915E /* TGAlib.m in Sources */,
				422354701561802E0067915E /* TransformUtils.m in Sources */,
				422354751561802E0067915E /* ZipUtils.m in Sources */,
				4223547A1561802E0067915E /* CDAudioManager.m in Sources */,
				4223547E1561802E0067915E /* CDOpenALSupport.m in Sources */,
				422354811561802F0067915E /* CocosDenshion.m in Sources */,
				422354841561802F0067915E /* SimpleAudioEngine.m in Sources */,
				422354891561802F0067915E /* CDXMacOSXSupport.m in Sources */,
				4223548C1561802F0067915E /* CDXPropertyModifierAction.m in Sources */,
				422354901561802F0067915E /* main.m in Sources */,
				422354931561802F0067915E /* AppDelegate.m in Sources */,
				422354961561802F0067915E /* HelloWorldLayer.m in Sources */,
			);
			runOnlyForDeploymentPostprocessing = 0;
		};
/* End PBXSourcesBuildPhase section */

/* Begin PBXVariantGroup section */
		422353751561802D0067915E /* InfoPlist.strings */ = {
			isa = PBXVariantGroup;
			children = (
				422353761561802D0067915E /* English */,
			);
			name = InfoPlist.strings;
			sourceTree = "<group>";
		};
		422353781561802D0067915E /* MainMenu.xib */ = {
			isa = PBXVariantGroup;
			children = (
				422353791561802D0067915E /* English */,
			);
			name = MainMenu.xib;
			sourceTree = "<group>";
		};
/* End PBXVariantGroup section */

/* Begin XCBuildConfiguration section */
		422354971561802F0067915E /* Debug */ = {
			isa = XCBuildConfiguration;
			buildSettings = {
				ARCHS = "$(ARCHS_STANDARD_32_64_BIT)";
				GCC_C_LANGUAGE_STANDARD = gnu99;
				GCC_OPTIMIZATION_LEVEL = 0;
				GCC_PREPROCESSOR_DEFINITIONS = (
					DEBUG,
					"COCOS2D_DEBUG=1",
				);
				GCC_SYMBOLS_PRIVATE_EXTERN = NO;
				GCC_VERSION = com.apple.compilers.llvm.clang.1_0;
				GCC_WARN_64_TO_32_BIT_CONVERSION = YES;
				GCC_WARN_ABOUT_RETURN_TYPE = YES;
				GCC_WARN_UNUSED_VARIABLE = YES;
				MACOSX_DEPLOYMENT_TARGET = 10.7;
				ONLY_ACTIVE_ARCH = YES;
				SDKROOT = macosx;
			};
			name = Debug;
		};
		422354981561802F0067915E /* Release */ = {
			isa = XCBuildConfiguration;
			buildSettings = {
				ARCHS = "$(ARCHS_STANDARD_32_64_BIT)";
				GCC_C_LANGUAGE_STANDARD = gnu99;
				GCC_PREPROCESSOR_DEFINITIONS = NDEBUG;
				GCC_VERSION = com.apple.compilers.llvm.clang.1_0;
				GCC_WARN_64_TO_32_BIT_CONVERSION = YES;
				GCC_WARN_ABOUT_RETURN_TYPE = YES;
				GCC_WARN_UNUSED_VARIABLE = YES;
				MACOSX_DEPLOYMENT_TARGET = 10.7;
				OTHER_CFLAGS = "-DNS_BLOCK_ASSERTIONS=1";
				SDKROOT = macosx;
			};
			name = Release;
		};
		4223549A1561802F0067915E /* Debug */ = {
			isa = XCBuildConfiguration;
			buildSettings = {
				ALWAYS_SEARCH_USER_PATHS = NO;
				COPY_PHASE_STRIP = NO;
				GCC_DYNAMIC_NO_PIC = NO;
				GCC_ENABLE_OBJC_EXCEPTIONS = YES;
				GCC_PRECOMPILE_PREFIX_HEADER = YES;
				GCC_PREFIX_HEADER = Solitaire/Prefix.pch;
				INFOPLIST_FILE = Solitaire/Resources/Info.plist;
				OTHER_LDFLAGS = "-lz";
				PRODUCT_NAME = "$(TARGET_NAME)";
				WRAPPER_EXTENSION = app;
			};
			name = Debug;
		};
		4223549B1561802F0067915E /* Release */ = {
			isa = XCBuildConfiguration;
			buildSettings = {
				ALWAYS_SEARCH_USER_PATHS = NO;
				COPY_PHASE_STRIP = YES;
				DEBUG_INFORMATION_FORMAT = "dwarf-with-dsym";
				GCC_ENABLE_OBJC_EXCEPTIONS = YES;
				GCC_PRECOMPILE_PREFIX_HEADER = YES;
				GCC_PREFIX_HEADER = Solitaire/Prefix.pch;
				INFOPLIST_FILE = Solitaire/Resources/Info.plist;
				OTHER_LDFLAGS = "-lz";
				PRODUCT_NAME = "$(TARGET_NAME)";
				WRAPPER_EXTENSION = app;
			};
			name = Release;
		};
/* End XCBuildConfiguration section */

/* Begin XCConfigurationList section */
		4223535C1561802C0067915E /* Build configuration list for PBXProject "Solitaire" */ = {
			isa = XCConfigurationList;
			buildConfigurations = (
				422354971561802F0067915E /* Debug */,
				422354981561802F0067915E /* Release */,
			);
			defaultConfigurationIsVisible = 0;
			defaultConfigurationName = Release;
		};
		422354991561802F0067915E /* Build configuration list for PBXNativeTarget "Solitaire" */ = {
			isa = XCConfigurationList;
			buildConfigurations = (
				4223549A1561802F0067915E /* Debug */,
				4223549B1561802F0067915E /* Release */,
			);
			defaultConfigurationIsVisible = 0;
		};
/* End XCConfigurationList section */
	};
	rootObject = 422353591561802C0067915E /* Project object */;
}
